{
  "version": 4,
  "terraform_version": "1.5.4",
  "serial": 203,
  "lineage": "8f2ddf32-2498-6fd8-b3a5-045ae4319d71",
  "outputs": {
    "app_id": {
      "value": "f6e3763a-d9ce-46ad-bd47-b55b97c91ba7",
      "type": "string",
      "sensitive": true
    },
    "instrumentation_key": {
      "value": "3b3cc1a3-5930-46af-98e7-66eaa371e416",
      "type": "string",
      "sensitive": true
    }
  },
  "resources": [
    {
      "mode": "data",
      "type": "azurerm_client_config",
      "name": "current",
      "provider": "provider[\"registry.terraform.io/hashicorp/azurerm\"]",
      "instances": [
        {
          "schema_version": 0,
          "attributes": {
            "client_id": "f094426d-02e7-42a9-a70d-60891f0b5d98",
            "id": "Y2xpZW50Q29uZmlncy9jbGllbnRJZD1mMDk0NDI2ZC0wMmU3LTQyYTktYTcwZC02MDg5MWYwYjVkOTg7b2JqZWN0SWQ9MjI0MGU2ZTMtY2E0ZS00YTJiLWE1MGUtOTMxZGM1YTg3ZDYyO3N1YnNjcmlwdGlvbklkPTRlMzE4ZDQ4LTU3NDEtNDhiYi1hODE3LTk5ZDY1ZGM3MjI3Zjt0ZW5hbnRJZD0zMGJmOWYzNy1kNTUwLTQ4NzgtOTQ5NC0xMDQxNjU2Y2FmMjc=",
            "object_id": "2240e6e3-ca4e-4a2b-a50e-931dc5a87d62",
            "subscription_id": "4e318d48-5741-48bb-a817-99d65dc7227f",
            "tenant_id": "30bf9f37-d550-4878-9494-1041656caf27",
            "timeouts": null
          },
          "sensitive_attributes": []
        }
      ]
    },
    {
      "mode": "managed",
      "type": "azurerm_app_service_plan",
      "name": "plan",
      "provider": "provider[\"registry.terraform.io/hashicorp/azurerm\"]",
      "instances": [
        {
          "schema_version": 0,
          "attributes": {
            "app_service_environment_id": "",
            "id": "/subscriptions/4e318d48-5741-48bb-a817-99d65dc7227f/resourceGroups/snpbatchftp-prod-rg/providers/Microsoft.Web/serverfarms/snpbatchftp-prod-plan",
            "is_xenon": false,
            "kind": "functionapp",
            "location": "eastus",
            "maximum_elastic_worker_count": 1,
            "maximum_number_of_workers": 0,
            "name": "snpbatchftp-prod-plan",
            "per_site_scaling": false,
            "reserved": false,
            "resource_group_name": "snpbatchftp-prod-rg",
            "sku": [
              {
                "capacity": 0,
                "size": "Y1",
                "tier": "Dynamic"
              }
            ],
            "tags": {
              "App": "ABC",
              "CostCenter": "12345",
              "Environment": "Production",
              "Owner": "John"
            },
            "timeouts": null,
            "zone_redundant": false
          },
          "sensitive_attributes": [],
          "private": "eyJlMmJmYjczMC1lY2FhLTExZTYtOGY4OC0zNDM2M2JjN2M0YzAiOnsiY3JlYXRlIjozNjAwMDAwMDAwMDAwLCJkZWxldGUiOjM2MDAwMDAwMDAwMDAsInJlYWQiOjMwMDAwMDAwMDAwMCwidXBkYXRlIjozNjAwMDAwMDAwMDAwfX0=",
          "dependencies": [
            "azurerm_resource_group.rg"
          ]
        }
      ]
    },
    {
      "mode": "managed",
      "type": "azurerm_application_insights",
      "name": "appi",
      "provider": "provider[\"registry.terraform.io/hashicorp/azurerm\"]",
      "instances": [
        {
          "schema_version": 1,
          "attributes": {
            "app_id": "f6e3763a-d9ce-46ad-bd47-b55b97c91ba7",
            "application_type": "web",
            "connection_string": "InstrumentationKey=3b3cc1a3-5930-46af-98e7-66eaa371e416;IngestionEndpoint=https://eastus-8.in.applicationinsights.azure.com/;LiveEndpoint=https://eastus.livediagnostics.monitor.azure.com/",
            "daily_data_cap_in_gb": 100,
            "daily_data_cap_notifications_disabled": false,
            "disable_ip_masking": false,
            "force_customer_storage_for_profiler": false,
            "id": "/subscriptions/4e318d48-5741-48bb-a817-99d65dc7227f/resourceGroups/snpbatchftp-prod-rg/providers/Microsoft.Insights/components/snpbatchftp-prod-appi",
            "instrumentation_key": "3b3cc1a3-5930-46af-98e7-66eaa371e416",
            "internet_ingestion_enabled": true,
            "internet_query_enabled": true,
            "local_authentication_disabled": false,
            "location": "eastus",
            "name": "snpbatchftp-prod-appi",
            "resource_group_name": "snpbatchftp-prod-rg",
            "retention_in_days": 90,
            "sampling_percentage": 100,
            "tags": {
              "App": "ABC",
              "CostCenter": "12345",
              "Environment": "Production",
              "Owner": "John"
            },
            "timeouts": null,
            "workspace_id": "/subscriptions/4e318d48-5741-48bb-a817-99d65dc7227f/resourceGroups/snpbatchftp-prod-rg/providers/Microsoft.OperationalInsights/workspaces/snpbatchftp-prod-logs"
          },
          "sensitive_attributes": [],
          "private": "eyJlMmJmYjczMC1lY2FhLTExZTYtOGY4OC0zNDM2M2JjN2M0YzAiOnsiY3JlYXRlIjozNjAwMDAwMDAwMDAwLCJkZWxldGUiOjE4MDAwMDAwMDAwMDAsInJlYWQiOjMwMDAwMDAwMDAwMCwidXBkYXRlIjoxODAwMDAwMDAwMDAwfSwic2NoZW1hX3ZlcnNpb24iOiIxIn0=",
          "dependencies": [
            "azurerm_log_analytics_workspace.logs",
            "azurerm_resource_group.rg"
          ]
        }
      ]
    },
    {
      "mode": "managed",
      "type": "azurerm_data_factory",
      "name": "adf",
      "provider": "provider[\"registry.terraform.io/hashicorp/azurerm\"]",
      "instances": [
        {
          "schema_version": 2,
          "attributes": {
            "customer_managed_key_id": "",
            "customer_managed_key_identity_id": "",
            "github_configuration": [],
            "global_parameter": [],
            "id": "/subscriptions/4e318d48-5741-48bb-a817-99d65dc7227f/resourceGroups/snpbatchftp-prod-rg/providers/Microsoft.DataFactory/factories/snpbatchftp-prod-adf",
            "identity": [],
            "location": "eastus",
            "managed_virtual_network_enabled": false,
            "name": "snpbatchftp-prod-adf",
            "public_network_enabled": true,
            "purview_id": "",
            "resource_group_name": "snpbatchftp-prod-rg",
            "tags": {
              "App": "ABC",
              "CostCenter": "12345",
              "Environment": "Production",
              "Owner": "John"
            },
            "timeouts": null,
            "vsts_configuration": []
          },
          "sensitive_attributes": [],
          "private": "eyJlMmJmYjczMC1lY2FhLTExZTYtOGY4OC0zNDM2M2JjN2M0YzAiOnsiY3JlYXRlIjoxODAwMDAwMDAwMDAwLCJkZWxldGUiOjE4MDAwMDAwMDAwMDAsInJlYWQiOjMwMDAwMDAwMDAwMCwidXBkYXRlIjoxODAwMDAwMDAwMDAwfSwic2NoZW1hX3ZlcnNpb24iOiIyIn0=",
          "dependencies": [
            "azurerm_resource_group.rg"
          ]
        }
      ]
    },
    {
      "mode": "managed",
      "type": "azurerm_function_app",
      "name": "func",
      "provider": "provider[\"registry.terraform.io/hashicorp/azurerm\"]",
      "instances": [
        {
          "schema_version": 0,
          "attributes": {
            "app_service_plan_id": "/subscriptions/4e318d48-5741-48bb-a817-99d65dc7227f/resourceGroups/snpbatchftp-prod-rg/providers/Microsoft.Web/serverfarms/snpbatchftp-prod-plan",
            "app_settings": {
              "APPINSIGHTS_INSTRUMENTATIONKEY": "3b3cc1a3-5930-46af-98e7-66eaa371e416"
            },
            "auth_settings": [
              {
                "active_directory": [],
                "additional_login_params": {},
                "allowed_external_redirect_urls": [],
                "default_provider": "",
                "enabled": false,
                "facebook": [],
                "google": [],
                "issuer": "",
                "microsoft": [],
                "runtime_version": "",
                "token_refresh_extension_hours": 0,
                "token_store_enabled": false,
                "twitter": [],
                "unauthenticated_client_action": ""
              }
            ],
            "client_cert_mode": "",
            "connection_string": [],
            "custom_domain_verification_id": "BE73D2634F7DAF506FAA51F35F23A32F65FB68C83DFEF828CBA92B24A2FBEFF0",
            "daily_memory_time_quota": 0,
            "default_hostname": "snpbatchftp-prod-func.azurewebsites.net",
            "enable_builtin_logging": true,
            "enabled": true,
            "https_only": false,
            "id": "/subscriptions/4e318d48-5741-48bb-a817-99d65dc7227f/resourceGroups/snpbatchftp-prod-rg/providers/Microsoft.Web/sites/snpbatchftp-prod-func",
            "identity": [],
            "key_vault_reference_identity_id": "SystemAssigned",
            "kind": "functionapp",
            "location": "eastus",
            "name": "snpbatchftp-prod-func",
            "os_type": "",
            "outbound_ip_addresses": "40.76.153.101,40.76.153.110,40.76.154.226,40.76.154.255,40.76.157.61,40.76.157.127,20.49.104.58",
            "possible_outbound_ip_addresses": "40.76.153.101,40.76.153.110,40.76.154.226,40.76.154.255,40.76.157.61,40.76.157.127,40.76.159.243,40.76.152.113,52.151.202.170,52.151.204.113,52.151.204.241,52.151.205.9,52.151.207.70,52.151.207.159,52.151.207.204,52.151.207.237,20.72.144.10,20.72.144.38,40.76.152.239,20.72.145.3,20.72.145.6,20.72.145.15,20.72.145.55,20.72.145.188,20.72.146.40,20.72.147.23,20.72.147.153,20.72.148.78,20.72.148.126,20.72.148.155,20.49.104.58",
            "resource_group_name": "snpbatchftp-prod-rg",
            "site_config": [
              {
                "always_on": false,
                "app_scale_limit": 200,
                "auto_swap_slot_name": "",
                "cors": [],
                "dotnet_framework_version": "v4.0",
                "elastic_instance_minimum": 0,
                "ftps_state": "FtpsOnly",
                "health_check_path": "",
                "http2_enabled": false,
                "ip_restriction": [],
                "java_version": "",
                "linux_fx_version": "",
                "min_tls_version": "1.2",
                "pre_warmed_instance_count": 0,
                "runtime_scale_monitoring_enabled": false,
                "scm_ip_restriction": [],
                "scm_type": "None",
                "scm_use_main_ip_restriction": false,
                "use_32_bit_worker_process": true,
                "vnet_route_all_enabled": false,
                "websockets_enabled": false
              }
            ],
            "site_credential": [
              {
                "password": "fi6GaY2QpoAwo1S8A3PzarLrSDaQTShRCwr7nohkLXNm5nJMRBrzABZkgnAc",
                "username": "$snpbatchftp-prod-func"
              }
            ],
            "source_control": [
              {
                "branch": "main",
                "manual_integration": false,
                "repo_url": "",
                "rollback_enabled": false,
                "use_mercurial": false
              }
            ],
            "storage_account_access_key": "Txfg4hhyWwMcLyWKmOwsiXhtpdbmdcIkc/ioYf986lCJNSC5xiRf1hmKqdUcepK7hWCCGr6YhGik+AStMeXntw==",
            "storage_account_name": "snpbatchftpprodstg",
            "tags": {
              "App": "ABC",
              "CostCenter": "12345",
              "Environment": "Production",
              "Owner": "John"
            },
            "timeouts": null,
            "version": "~1"
          },
          "sensitive_attributes": [
            [
              {
                "type": "get_attr",
                "value": "app_settings"
              },
              {
                "type": "index",
                "value": {
                  "value": "APPINSIGHTS_INSTRUMENTATIONKEY",
                  "type": "string"
                }
              }
            ],
            [
              {
                "type": "get_attr",
                "value": "storage_account_access_key"
              }
            ]
          ],
          "private": "eyJlMmJmYjczMC1lY2FhLTExZTYtOGY4OC0zNDM2M2JjN2M0YzAiOnsiY3JlYXRlIjoxODAwMDAwMDAwMDAwLCJkZWxldGUiOjE4MDAwMDAwMDAwMDAsInJlYWQiOjMwMDAwMDAwMDAwMCwidXBkYXRlIjoxODAwMDAwMDAwMDAwfX0=",
          "dependencies": [
            "azurerm_app_service_plan.plan",
            "azurerm_application_insights.appi",
            "azurerm_log_analytics_workspace.logs",
            "azurerm_resource_group.rg",
            "azurerm_storage_account.storage"
          ]
        }
      ]
    },
    {
      "mode": "managed",
      "type": "azurerm_key_vault",
      "name": "vault",
      "provider": "provider[\"registry.terraform.io/hashicorp/azurerm\"]",
      "instances": [
        {
          "schema_version": 2,
          "attributes": {
            "access_policy": [],
            "contact": [],
            "enable_rbac_authorization": false,
            "enabled_for_deployment": false,
            "enabled_for_disk_encryption": false,
            "enabled_for_template_deployment": false,
            "id": "/subscriptions/4e318d48-5741-48bb-a817-99d65dc7227f/resourceGroups/snpbatchftp-prod-rg/providers/Microsoft.KeyVault/vaults/snpbatchftp-prod-vault",
            "location": "eastus",
            "name": "snpbatchftp-prod-vault",
            "network_acls": [
              {
                "bypass": "AzureServices",
                "default_action": "Allow",
                "ip_rules": [],
                "virtual_network_subnet_ids": []
              }
            ],
            "public_network_access_enabled": true,
            "purge_protection_enabled": false,
            "resource_group_name": "snpbatchftp-prod-rg",
            "sku_name": "standard",
            "soft_delete_retention_days": 90,
            "tags": {
              "App": "ABC",
              "CostCenter": "12345",
              "Environment": "Production",
              "Owner": "John"
            },
            "tenant_id": "30bf9f37-d550-4878-9494-1041656caf27",
            "timeouts": null,
            "vault_uri": "https://snpbatchftp-prod-vault.vault.azure.net/"
          },
          "sensitive_attributes": [],
          "private": "eyJlMmJmYjczMC1lY2FhLTExZTYtOGY4OC0zNDM2M2JjN2M0YzAiOnsiY3JlYXRlIjoxODAwMDAwMDAwMDAwLCJkZWxldGUiOjE4MDAwMDAwMDAwMDAsInJlYWQiOjMwMDAwMDAwMDAwMCwidXBkYXRlIjoxODAwMDAwMDAwMDAwfSwic2NoZW1hX3ZlcnNpb24iOiIyIn0=",
          "dependencies": [
            "azurerm_resource_group.rg",
            "data.azurerm_client_config.current"
          ]
        }
      ]
    },
    {
      "mode": "managed",
      "type": "azurerm_log_analytics_workspace",
      "name": "logs",
      "provider": "provider[\"registry.terraform.io/hashicorp/azurerm\"]",
      "instances": [
        {
          "schema_version": 3,
          "attributes": {
            "allow_resource_only_permissions": true,
            "cmk_for_query_forced": false,
            "daily_quota_gb": -1,
            "id": "/subscriptions/4e318d48-5741-48bb-a817-99d65dc7227f/resourceGroups/snpbatchftp-prod-rg/providers/Microsoft.OperationalInsights/workspaces/snpbatchftp-prod-logs",
            "internet_ingestion_enabled": true,
            "internet_query_enabled": true,
            "local_authentication_disabled": false,
            "location": "eastus",
            "name": "snpbatchftp-prod-logs",
            "primary_shared_key": "F83BuwNZjLtbmuRMuHcTbqJtk3F4h7mUTEfyGbTMkiA+R2OvZEbd4Lk8YCMbHFae6qkiWLHaht/o6A49r1tUQg==",
            "reservation_capacity_in_gb_per_day": null,
            "resource_group_name": "snpbatchftp-prod-rg",
            "retention_in_days": 30,
            "secondary_shared_key": "BP63TW7Hs+3WTwIZhD8oM4a7t5FMbL3IStVJ8dACh34VM8fGo7ThOndZf6+dRLU00CTuKO34oaodJRb7zhnItA==",
            "sku": "PerGB2018",
            "tags": {
              "App": "ABC",
              "CostCenter": "12345",
              "Environment": "Production",
              "Owner": "John"
            },
            "timeouts": null,
            "workspace_id": "3d8e75d0-903f-45f3-b9ca-653787f08544"
          },
          "sensitive_attributes": [],
          "private": "eyJlMmJmYjczMC1lY2FhLTExZTYtOGY4OC0zNDM2M2JjN2M0YzAiOnsiY3JlYXRlIjoxODAwMDAwMDAwMDAwLCJkZWxldGUiOjE4MDAwMDAwMDAwMDAsInJlYWQiOjMwMDAwMDAwMDAwMCwidXBkYXRlIjoxODAwMDAwMDAwMDAwfSwic2NoZW1hX3ZlcnNpb24iOiIzIn0=",
          "dependencies": [
            "azurerm_resource_group.rg"
          ]
        }
      ]
    },
    {
      "mode": "managed",
      "type": "azurerm_resource_group",
      "name": "rg",
      "provider": "provider[\"registry.terraform.io/hashicorp/azurerm\"]",
      "instances": [
        {
          "schema_version": 0,
          "attributes": {
            "id": "/subscriptions/4e318d48-5741-48bb-a817-99d65dc7227f/resourceGroups/snpbatchftp-prod-rg",
            "location": "eastus",
            "managed_by": "",
            "name": "snpbatchftp-prod-rg",
            "tags": {
              "App": "ABC",
              "CostCenter": "12345",
              "Environment": "Production",
              "Owner": "John"
            },
            "timeouts": null
          },
          "sensitive_attributes": [],
          "private": "eyJlMmJmYjczMC1lY2FhLTExZTYtOGY4OC0zNDM2M2JjN2M0YzAiOnsiY3JlYXRlIjo1NDAwMDAwMDAwMDAwLCJkZWxldGUiOjU0MDAwMDAwMDAwMDAsInJlYWQiOjMwMDAwMDAwMDAwMCwidXBkYXRlIjo1NDAwMDAwMDAwMDAwfX0="
        }
      ]
    },
    {
      "mode": "managed",
      "type": "azurerm_storage_account",
      "name": "storage",
      "provider": "provider[\"registry.terraform.io/hashicorp/azurerm\"]",
      "instances": [
        {
          "schema_version": 4,
          "attributes": {
            "access_tier": "Hot",
            "account_kind": "StorageV2",
            "account_replication_type": "LRS",
            "account_tier": "Standard",
            "allow_nested_items_to_be_public": true,
            "allowed_copy_scope": "",
            "azure_files_authentication": [],
            "blob_properties": [
              {
                "change_feed_enabled": false,
                "change_feed_retention_in_days": 0,
                "container_delete_retention_policy": [],
                "cors_rule": [],
                "default_service_version": "",
                "delete_retention_policy": [],
                "last_access_time_enabled": false,
                "restore_policy": [],
                "versioning_enabled": false
              }
            ],
            "cross_tenant_replication_enabled": true,
            "custom_domain": [],
            "customer_managed_key": [],
            "default_to_oauth_authentication": false,
            "edge_zone": "",
            "enable_https_traffic_only": true,
            "id": "/subscriptions/4e318d48-5741-48bb-a817-99d65dc7227f/resourceGroups/snpbatchftp-prod-rg/providers/Microsoft.Storage/storageAccounts/snpbatchftpprodstg",
            "identity": [],
            "immutability_policy": [],
            "infrastructure_encryption_enabled": false,
            "is_hns_enabled": false,
            "large_file_share_enabled": null,
            "location": "eastus",
            "min_tls_version": "TLS1_2",
            "name": "snpbatchftpprodstg",
            "network_rules": [
              {
                "bypass": [
                  "AzureServices"
                ],
                "default_action": "Allow",
                "ip_rules": [],
                "private_link_access": [],
                "virtual_network_subnet_ids": []
              }
            ],
            "nfsv3_enabled": false,
            "primary_access_key": "Txfg4hhyWwMcLyWKmOwsiXhtpdbmdcIkc/ioYf986lCJNSC5xiRf1hmKqdUcepK7hWCCGr6YhGik+AStMeXntw==",
            "primary_blob_connection_string": "DefaultEndpointsProtocol=https;BlobEndpoint=https://snpbatchftpprodstg.blob.core.windows.net/;AccountName=snpbatchftpprodstg;AccountKey=Txfg4hhyWwMcLyWKmOwsiXhtpdbmdcIkc/ioYf986lCJNSC5xiRf1hmKqdUcepK7hWCCGr6YhGik+AStMeXntw==",
            "primary_blob_endpoint": "https://snpbatchftpprodstg.blob.core.windows.net/",
            "primary_blob_host": "snpbatchftpprodstg.blob.core.windows.net",
            "primary_connection_string": "DefaultEndpointsProtocol=https;AccountName=snpbatchftpprodstg;AccountKey=Txfg4hhyWwMcLyWKmOwsiXhtpdbmdcIkc/ioYf986lCJNSC5xiRf1hmKqdUcepK7hWCCGr6YhGik+AStMeXntw==;EndpointSuffix=core.windows.net",
            "primary_dfs_endpoint": "https://snpbatchftpprodstg.dfs.core.windows.net/",
            "primary_dfs_host": "snpbatchftpprodstg.dfs.core.windows.net",
            "primary_file_endpoint": "https://snpbatchftpprodstg.file.core.windows.net/",
            "primary_file_host": "snpbatchftpprodstg.file.core.windows.net",
            "primary_location": "eastus",
            "primary_queue_endpoint": "https://snpbatchftpprodstg.queue.core.windows.net/",
            "primary_queue_host": "snpbatchftpprodstg.queue.core.windows.net",
            "primary_table_endpoint": "https://snpbatchftpprodstg.table.core.windows.net/",
            "primary_table_host": "snpbatchftpprodstg.table.core.windows.net",
            "primary_web_endpoint": "https://snpbatchftpprodstg.z13.web.core.windows.net/",
            "primary_web_host": "snpbatchftpprodstg.z13.web.core.windows.net",
            "public_network_access_enabled": true,
            "queue_encryption_key_type": "Service",
            "queue_properties": [
              {
                "cors_rule": [],
                "hour_metrics": [
                  {
                    "enabled": true,
                    "include_apis": true,
                    "retention_policy_days": 7,
                    "version": "1.0"
                  }
                ],
                "logging": [
                  {
                    "delete": false,
                    "read": false,
                    "retention_policy_days": 0,
                    "version": "1.0",
                    "write": false
                  }
                ],
                "minute_metrics": [
                  {
                    "enabled": false,
                    "include_apis": false,
                    "retention_policy_days": 0,
                    "version": "1.0"
                  }
                ]
              }
            ],
            "resource_group_name": "snpbatchftp-prod-rg",
            "routing": [],
            "sas_policy": [],
            "secondary_access_key": "p7fjN7fgdxTQ4etgfIzgedXxa+Qt6va5VBGOvQFcj1SZX2NoXQGyuy9q3HkcomaFFnbVAebKniGG+ASt81oE2Q==",
            "secondary_blob_connection_string": "",
            "secondary_blob_endpoint": null,
            "secondary_blob_host": null,
            "secondary_connection_string": "DefaultEndpointsProtocol=https;AccountName=snpbatchftpprodstg;AccountKey=p7fjN7fgdxTQ4etgfIzgedXxa+Qt6va5VBGOvQFcj1SZX2NoXQGyuy9q3HkcomaFFnbVAebKniGG+ASt81oE2Q==;EndpointSuffix=core.windows.net",
            "secondary_dfs_endpoint": null,
            "secondary_dfs_host": null,
            "secondary_file_endpoint": null,
            "secondary_file_host": null,
            "secondary_location": "",
            "secondary_queue_endpoint": null,
            "secondary_queue_host": null,
            "secondary_table_endpoint": null,
            "secondary_table_host": null,
            "secondary_web_endpoint": null,
            "secondary_web_host": null,
            "sftp_enabled": false,
            "share_properties": [
              {
                "cors_rule": [],
                "retention_policy": [
                  {
                    "days": 7
                  }
                ],
                "smb": []
              }
            ],
            "shared_access_key_enabled": true,
            "static_website": [],
            "table_encryption_key_type": "Service",
            "tags": {
              "App": "ABC",
              "CostCenter": "12345",
              "Environment": "Production",
              "Owner": "John"
            },
            "timeouts": null
          },
          "sensitive_attributes": [],
          "private": "eyJlMmJmYjczMC1lY2FhLTExZTYtOGY4OC0zNDM2M2JjN2M0YzAiOnsiY3JlYXRlIjozNjAwMDAwMDAwMDAwLCJkZWxldGUiOjM2MDAwMDAwMDAwMDAsInJlYWQiOjMwMDAwMDAwMDAwMCwidXBkYXRlIjozNjAwMDAwMDAwMDAwfSwic2NoZW1hX3ZlcnNpb24iOiI0In0=",
          "dependencies": [
            "azurerm_resource_group.rg"
          ]
        }
      ]
    }
  ],
  "check_results": null
}
